hash: 9763fa691823c60d7db7b72fad6281525975b0846566c202cd9ebafbc2ca12cb
updated: 2017-12-20T14:04:53.578971509+01:00
imports:
- name: git.misc.vee.bz/carnagel/go-ecosystem
  version: 4e0d2fda7087b20dab7299867661f64250b60e5d
  repo: git@git.misc.vee.bz:carnagel/go-ecosystem.git
  subpackages:
  - domain
  - domain/aphrodite
  - domain/consul
  - domain/minerva
  - domain/upstore
  - infrastructure/factory
  - infrastructure/logging
  - infrastructure/middleware
  - mocks
  - protobuf/common
- name: git.misc.vee.bz/carnagel/minerva-bindings
  version: 29acaea4ae582ffeda2d92700867c97bb353f00a
  repo: git@git.misc.vee.bz:carnagel/minerva-bindings.git
  subpackages:
  - src
- name: github.com/beorn7/perks
  version: 4c0e84591b9aa9e6dcfdf3e020114cd81f89d5f9
  subpackages:
  - quantile
- name: github.com/davecgh/go-spew
  version: 04cdfd42973bb9c8589fd6a731800cf222fde1a9
  subpackages:
  - spew
- name: github.com/dghubble/sling
  version: 80ec33c6152a53edb5545864ca37567b506c4ca5
- name: github.com/dgrijalva/jwt-go
  version: a539ee1a749a2b895533f979515ac7e6e0f5b650
- name: github.com/facebookgo/stack
  version: 751773369052141c013c6e827a71e8f35c07879c
- name: github.com/go-redis/redis
  version: 9c885d5ba8a22f260badcffde1649915fbeebfc0
  subpackages:
  - internal
  - internal/consistenthash
  - internal/hashtag
  - internal/pool
  - internal/proto
- name: github.com/golang/protobuf
  version: e325f446bebc2998605911c0a2650d9920361d4a
  subpackages:
  - proto
  - ptypes
  - ptypes/any
  - ptypes/duration
  - ptypes/timestamp
- name: github.com/google/go-querystring
  version: 53e6ce116135b80d037921a7fdd5138cf32d7a8a
  subpackages:
  - query
- name: github.com/gorilla/context
  version: 08b5f424b9271eedf6f9f0ce86cb9396ed337a42
- name: github.com/gorilla/handlers
  version: a4d79d4487c2430a17d9dc8a1f74d1a6ed6908ca
- name: github.com/gorilla/mux
  version: 7f08801859139f86dfafd1c296e2cba9a80d292e
- name: github.com/hashicorp/consul
  version: 112c0603d3d6fb23ab5f15e8fdb1a761da8eaf9a
  subpackages:
  - api
- name: github.com/hashicorp/go-cleanhttp
  version: 3573b8b52aa7b37b9358d966a898feb387f62437
- name: github.com/hashicorp/go-rootcerts
  version: 6bb64b370b90e7ef1fa532be9e591a81c3493e00
- name: github.com/hashicorp/serf
  version: e39abe475740649229c5c72b0cc1da10da7ed23a
  subpackages:
  - coordinate
- name: github.com/matttproud/golang_protobuf_extensions
  version: c12348ce28de40eed0136aa2b644d0ee0650e56c
  subpackages:
  - pbutil
- name: github.com/mitchellh/go-homedir
  version: b8bc1bf767474819792c23f32d8286a45736f1c6
- name: github.com/pkg/errors
  version: 645ef00459ed84a119197bfb8d8205042c6df63d
- name: github.com/pmezard/go-difflib
  version: d8ed2627bdf02c080bf22230dbb337003b7aba2d
  subpackages:
  - difflib
- name: github.com/prometheus/client_golang
  version: 967789050ba94deca04a5e84cce8ad472ce313c1
  subpackages:
  - prometheus
  - prometheus/promhttp
- name: github.com/prometheus/client_model
  version: 6f3806018612930941127f2a7c6c453ba2c527d2
  subpackages:
  - go
- name: github.com/prometheus/common
  version: 3233b24a36715a2fe36d162260457857a56d672d
  subpackages:
  - expfmt
  - internal/bitbucket.org/ww/goautoneg
  - log
  - model
- name: github.com/prometheus/procfs
  version: a3bfc74126ea9e45ee5d5c6f7fc86191b7d488fb
  subpackages:
  - xfs
- name: github.com/recursionpharma/logrus-stack
  version: 973842740f2a4fa2aa45d54facf268bfad27e454
- name: github.com/satori/go.uuid
  version: 879c5887cd475cd7864858769793b2ceb0d44feb
- name: github.com/sethgrid/pester
  version: 4f4c0a67b6496764028e1ab9fd8dfb630282ed2f
- name: github.com/sirupsen/logrus
  version: d682213848ed68c0a260ca37d6dd5ace8423f5ba
- name: github.com/sohlich/elogrus
  version: 73eaa9aeeb3be66d60f327d2da22eaf0047b7988
- name: github.com/stretchr/objx
  version: cbeaeb16a013161a98496fad62933b1d21786672
- name: github.com/stretchr/testify
  version: f6abca593680b2315d2075e0f5e2a9751e3f431a
  subpackages:
  - assert
  - mock
  - require
  - suite
- name: golang.org/x/crypto
  version: b176d7def5d71bdd214203491f89843ed217f420
  subpackages:
  - blake2b
  - ssh/terminal
- name: golang.org/x/net
  version: ddf80d0970594e2e4cccf5a98861cad3d9eaa4cd
  subpackages:
  - context
  - http2
  - http2/hpack
  - idna
  - internal/timeseries
  - lex/httplex
  - trace
- name: golang.org/x/sys
  version: fb4cac33e3196ff7f507ab9b2d2a44b0142f5b5a
  subpackages:
  - unix
  - windows
  - windows/registry
  - windows/svc/eventlog
- name: golang.org/x/text
  version: 3491b61b9edc56653ad4333e605e2908e46a036b
  subpackages:
  - secure/bidirule
  - transform
  - unicode/bidi
  - unicode/norm
- name: google.golang.org/genproto
  version: aa2eb687b4d3e17154372564ad8d6bf11c3cf21f
  subpackages:
  - googleapis/rpc/status
- name: google.golang.org/grpc
  version: e687fa4e6424368ece6e4fe727cea2c806a0fcb4
  subpackages:
  - balancer
  - balancer/roundrobin
  - codes
  - connectivity
  - credentials
  - encoding
  - grpclb/grpc_lb_v1/messages
  - grpclog
  - internal
  - keepalive
  - metadata
  - naming
  - peer
  - resolver
  - resolver/dns
  - resolver/passthrough
  - stats
  - status
  - tap
  - transport
- name: gopkg.in/olivere/elastic.v5
  version: 79ff368708b3a2a9da641dc831d95fd0782bf4ef
  subpackages:
  - config
  - uritemplates
testImports:
- name: gopkg.in/stretchr/testify.v1
  version: 69483b4bd14f5845b5a1e55bca19e954e827f1d0
  subpackages:
  - assert
