# This file is autogenerated, do not edit; changes may be undone by the next 'dep ensure'.


[[projects]]
  name = "git.misc.vee.bz/carnagel/go-ecosystem"
  packages = [
    "domain",
    "domain/aphrodite",
    "domain/consul",
    "domain/minerva",
    "infrastructure/factory",
    "infrastructure/logging",
    "protobuf/common"
  ]
  revision = "e79e08f3beafa5ce871216d7485e4fbd223c4073"
  source = "git@git.misc.vee.bz:carnagel/go-ecosystem.git"
  version = "0.3.5"

[[projects]]
  name = "git.misc.vee.bz/carnagel/minerva-bindings"
  packages = ["src"]
  revision = "1c007ecdd5b51b0e62855ae29e58873c25577e6f"
  version = "0.1.3"

[[projects]]
  name = "git.misc.vee.bz/carnagel/sql-migrations"
  packages = [
    ".",
    "driver"
  ]
  revision = "8ad006ee33e81e4c16cdaf5f693123bd98e13ac2"
  source = "git@git.misc.vee.bz:carnagel/sql-migrations.git"
  version = "0.0.2"

[[projects]]
  branch = "master"
  name = "github.com/alecthomas/template"
  packages = [
    ".",
    "parse"
  ]
  revision = "a0175ee3bccc567396460bf5acd36800cb10c49c"

[[projects]]
  branch = "master"
  name = "github.com/alecthomas/units"
  packages = ["."]
  revision = "2efee857e7cfd4f3d0138cc3cbb1b4966962b93a"

[[projects]]
  branch = "master"
  name = "github.com/beorn7/perks"
  packages = ["quantile"]
  revision = "3a771d992973f24aa725d07868b467d1ddfceafb"

[[projects]]
  name = "github.com/blockcypher/gobcy"
  packages = ["."]
  revision = "6eace16b4b81ea8dbdcde5417d6b1cc3828a3d1f"
  version = "v1.3.1"

[[projects]]
  branch = "master"
  name = "github.com/btcsuite/btcd"
  packages = ["btcec"]
  revision = "ed77733ec07dfc8a513741138419b8d9d3de9d2d"

[[projects]]
  name = "github.com/davecgh/go-spew"
  packages = ["spew"]
  revision = "346938d642f2ec3594ed81d874461961cd0faa76"
  version = "v1.1.0"

[[projects]]
  name = "github.com/dghubble/sling"
  packages = ["."]
  revision = "eb56e89ac5088bebb12eef3cb4b293300f43608b"
  version = "v1.1.0"

[[projects]]
  name = "github.com/dgrijalva/jwt-go"
  packages = ["."]
  revision = "06ea1031745cb8b3dab3f6a236daf2b0aa468b7e"
  version = "v3.2.0"

[[projects]]
  branch = "master"
  name = "github.com/facebookgo/stack"
  packages = ["."]
  revision = "751773369052141c013c6e827a71e8f35c07879c"

[[projects]]
  name = "github.com/fatih/structs"
  packages = ["."]
  revision = "a720dfa8df582c51dee1b36feabb906bde1588bd"
  version = "v1.0"

[[projects]]
  name = "github.com/go-pg/pg"
  packages = [
    ".",
    "internal",
    "internal/parser",
    "internal/pool",
    "orm",
    "types"
  ]
  revision = "a03636c3c61892362844db10b3e931edfb0b8fc3"

[[projects]]
  name = "github.com/go-redis/redis"
  packages = [
    ".",
    "internal",
    "internal/consistenthash",
    "internal/hashtag",
    "internal/pool",
    "internal/proto",
    "internal/singleflight",
    "internal/util"
  ]
  revision = "480db94d33e6088e08d628833b6c0705451d24bb"
  version = "v6.13.2"

[[projects]]
  name = "github.com/golang/protobuf"
  packages = [
    "proto",
    "ptypes",
    "ptypes/any",
    "ptypes/duration",
    "ptypes/timestamp"
  ]
  revision = "b4deda0973fb4c70b50d226b1af49f3da59f5265"
  version = "v1.1.0"

[[projects]]
  branch = "master"
  name = "github.com/google/go-querystring"
  packages = ["query"]
  revision = "53e6ce116135b80d037921a7fdd5138cf32d7a8a"

[[projects]]
  name = "github.com/gorilla/context"
  packages = ["."]
  revision = "08b5f424b9271eedf6f9f0ce86cb9396ed337a42"
  version = "v1.1.1"

[[projects]]
  name = "github.com/gorilla/handlers"
  packages = ["."]
  revision = "90663712d74cb411cbef281bc1e08c19d1a76145"

[[projects]]
  name = "github.com/gorilla/mux"
  packages = ["."]
  revision = "e3702bed27f0d39777b0b37b664b6280e8ef8fbf"
  version = "v1.6.2"

[[projects]]
  name = "github.com/gorilla/websocket"
  packages = ["."]
  revision = "ea4d1f681babbce9545c9c5f3d5194a789c89f5b"
  version = "v1.2.0"

[[projects]]
  name = "github.com/gosimple/slug"
  packages = ["."]
  revision = "91d42f4c3433698e88e87b17a3efbfe40b67c323"
  version = "v1.2.0"

[[projects]]
  name = "github.com/hashicorp/consul"
  packages = ["api"]
  revision = "e716d1b5f8be252b3e53906c6d5632e0228f30fa"
  version = "v1.2.2"

[[projects]]
  branch = "master"
  name = "github.com/hashicorp/go-cleanhttp"
  packages = ["."]
  revision = "d5fe4b57a186c716b0e00b8c301cbd9b4182694d"

[[projects]]
  name = "github.com/hashicorp/go-retryablehttp"
  packages = ["."]
  revision = "d3a63d3c72068412f9ecd7c36faafd874d2e2888"
  version = "v0.5.1"

[[projects]]
  branch = "master"
  name = "github.com/hashicorp/go-rootcerts"
  packages = ["."]
  revision = "6bb64b370b90e7ef1fa532be9e591a81c3493e00"

[[projects]]
  name = "github.com/hashicorp/serf"
  packages = ["coordinate"]
  revision = "d6574a5bb1226678d7010325fb6c985db20ee458"
  version = "v0.8.1"

[[projects]]
  name = "github.com/huandu/xstrings"
  packages = ["."]
  revision = "2bf18b218c51864a87384c06996e40ff9dcff8e1"
  version = "v1.0.0"

[[projects]]
  branch = "master"
  name = "github.com/jinzhu/inflection"
  packages = ["."]
  revision = "04140366298a54a039076d798123ffa108fff46c"

[[projects]]
  branch = "master"
  name = "github.com/jmoiron/sqlx"
  packages = [
    ".",
    "reflectx"
  ]
  revision = "0dae4fefe7c0e190f7b5a78dac28a1c82cc8d849"

[[projects]]
  branch = "master"
  name = "github.com/lib/pq"
  packages = [
    ".",
    "oid"
  ]
  revision = "90697d60dd844d5ef6ff15135d0203f65d2f53b8"

[[projects]]
  branch = "master"
  name = "github.com/mailru/easyjson"
  packages = [
    ".",
    "buffer",
    "jlexer",
    "jwriter"
  ]
  revision = "03f2033d19d5860aef995fe360ac7d395cd8ce65"

[[projects]]
  name = "github.com/matttproud/golang_protobuf_extensions"
  packages = ["pbutil"]
  revision = "c12348ce28de40eed0136aa2b644d0ee0650e56c"
  version = "v1.0.1"

[[projects]]
  branch = "master"
  name = "github.com/mitchellh/go-homedir"
  packages = ["."]
  revision = "58046073cbffe2f25d425fe1331102f55cf719de"

[[projects]]
  branch = "master"
  name = "github.com/mitchellh/mapstructure"
  packages = ["."]
  revision = "f15292f7a699fcc1a38a80977f80a046874ba8ac"

[[projects]]
  branch = "master"
  name = "github.com/petermattis/goid"
  packages = ["."]
  revision = "b0b1615b78e5ee59739545bb38426383b2cda4c9"

[[projects]]
  name = "github.com/pkg/errors"
  packages = ["."]
  revision = "645ef00459ed84a119197bfb8d8205042c6df63d"
  version = "v0.8.0"

[[projects]]
  name = "github.com/pmezard/go-difflib"
  packages = ["difflib"]
  revision = "792786c7400a136282c1664665ae0a8db921c6c2"
  version = "v1.0.0"

[[projects]]
  name = "github.com/prometheus/client_golang"
  packages = [
    "prometheus",
    "prometheus/promhttp"
  ]
  revision = "c5b7fccd204277076155f10851dad72b76a49317"
  version = "v0.8.0"

[[projects]]
  branch = "master"
  name = "github.com/prometheus/client_model"
  packages = ["go"]
  revision = "5c3871d89910bfb32f5fcab2aa4b9ec68e65a99f"

[[projects]]
  branch = "master"
  name = "github.com/prometheus/common"
  packages = [
    "expfmt",
    "internal/bitbucket.org/ww/goautoneg",
    "log",
    "model"
  ]
  revision = "c7de2306084e37d54b8be01f3541a8464345e9a5"

[[projects]]
  branch = "master"
  name = "github.com/prometheus/procfs"
  packages = [
    ".",
    "internal/util",
    "nfs",
    "xfs"
  ]
  revision = "05ee40e3a273f7245e8777337fc7b46e533a9a92"

[[projects]]
  branch = "master"
  name = "github.com/rainycape/unidecode"
  packages = ["."]
  revision = "cb7f23ec59bec0d61b19c56cd88cee3d0cc1870c"

[[projects]]
  branch = "master"
  name = "github.com/recursionpharma/logrus-stack"
  packages = ["."]
  revision = "973842740f2a4fa2aa45d54facf268bfad27e454"

[[projects]]
  name = "github.com/sasha-s/go-deadlock"
  packages = ["."]
  revision = "03d40e5dbd5488667a13b3c2600b2f7c2886f02f"
  version = "v0.2.0"

[[projects]]
  name = "github.com/satori/go.uuid"
  packages = ["."]
  revision = "f58768cc1a7a7e77a3bd49e98cdd21419399b6a3"
  version = "v1.2.0"

[[projects]]
  name = "github.com/sethgrid/pester"
  packages = ["."]
  revision = "03e26c9abbbf5accb8349790bf9f41bde09d72c3"
  version = "1.0.0"

[[projects]]
  name = "github.com/sirupsen/logrus"
  packages = ["."]
  revision = "3e01752db0189b9157070a0e1668a620f9a85da2"
  version = "v1.0.6"

[[projects]]
  branch = "master"
  name = "github.com/streadway/amqp"
  packages = ["."]
  revision = "70e15c650864f4fc47f5d3c82ea117285480895d"

[[projects]]
  name = "github.com/stretchr/objx"
  packages = ["."]
  revision = "477a77ecc69700c7cdeb1fa9e129548e1c1c393c"
  version = "v0.1.1"

[[projects]]
  name = "github.com/stretchr/testify"
  packages = [
    "assert",
    "mock"
  ]
  revision = "f35b8ab0b5a2cef36673838d662e249dd9c94686"
  version = "v1.2.2"

[[projects]]
  name = "github.com/tuvistavie/structomap"
  packages = ["."]
  revision = "ec9dcde3bf47bb40148a8d65c61d1cb98cb98441"
  version = "0.6.1"

[[projects]]
  branch = "master"
  name = "golang.org/x/crypto"
  packages = [
    "bcrypt",
    "blowfish",
    "ssh/terminal"
  ]
  revision = "de0752318171da717af4ce24d0a2e8626afaeb11"

[[projects]]
  branch = "master"
  name = "golang.org/x/net"
  packages = [
    "context",
    "http/httpguts",
    "http2",
    "http2/hpack",
    "idna",
    "internal/timeseries",
    "trace"
  ]
  revision = "f9ce57c11b242f0f1599cf25c89d8cb02c45295a"

[[projects]]
  branch = "master"
  name = "golang.org/x/sys"
  packages = [
    "unix",
    "windows",
    "windows/registry",
    "windows/svc/eventlog"
  ]
  revision = "f0d5e33068cb57c22a181f5df0ffda885309eb5a"

[[projects]]
  name = "golang.org/x/text"
  packages = [
    "collate",
    "collate/build",
    "internal/colltab",
    "internal/gen",
    "internal/tag",
    "internal/triegen",
    "internal/ucd",
    "language",
    "secure/bidirule",
    "transform",
    "unicode/bidi",
    "unicode/cldr",
    "unicode/norm",
    "unicode/rangetable"
  ]
  revision = "f21a4dfb5e38f5895301dc265a8def02365cc3d0"
  version = "v0.3.0"

[[projects]]
  branch = "master"
  name = "google.golang.org/genproto"
  packages = ["googleapis/rpc/status"]
  revision = "383e8b2c3b9e36c4076b235b32537292176bae20"

[[projects]]
  name = "google.golang.org/grpc"
  packages = [
    ".",
    "balancer",
    "balancer/base",
    "balancer/roundrobin",
    "codes",
    "connectivity",
    "credentials",
    "encoding",
    "encoding/proto",
    "grpclog",
    "internal",
    "internal/backoff",
    "internal/channelz",
    "internal/envconfig",
    "internal/grpcrand",
    "internal/transport",
    "keepalive",
    "metadata",
    "naming",
    "peer",
    "resolver",
    "resolver/dns",
    "resolver/passthrough",
    "stats",
    "status",
    "tap"
  ]
  revision = "32fb0ac620c32ba40a4626ddf94d90d12cce3455"
  version = "v1.14.0"

[[projects]]
  name = "gopkg.in/alecthomas/kingpin.v2"
  packages = ["."]
  revision = "947dcec5ba9c011838740e680966fd7087a71d0d"
  version = "v2.2.6"

[[projects]]
  branch = "v3"
  name = "gopkg.in/alexcesaro/quotedprintable.v3"
  packages = ["."]
  revision = "2caba252f4dc53eaf6b553000885530023f54623"

[[projects]]
  name = "gopkg.in/gomail.v2"
  packages = ["."]
  revision = "41f3572897373c5538c50a2402db15db079fa4fd"
  version = "2.0.0"

[[projects]]
  name = "gopkg.in/olivere/elastic.v5"
  packages = [
    ".",
    "config",
    "uritemplates"
  ]
  revision = "855c1d1cfe643d4b57735e0be688d080f419bf4a"
  version = "v5.0.71"

[solve-meta]
  analyzer-name = "dep"
  analyzer-version = 1
  inputs-digest = "5db0021037db0e722ebc712e3ea9e1d9426e4772420faaef9f7f203d91c829ab"
  solver-name = "gps-cdcl"
  solver-version = 1
